PODS:
  - FBSnapshotTestCase (2.1.4):
    - FBSnapshotTestCase/SwiftSupport (= 2.1.4)
  - FBSnapshotTestCase/Core (2.1.4)
  - FBSnapshotTestCase/SwiftSupport (2.1.4):
    - FBSnapshotTestCase/Core
  - MCBaseUtils (0.1.0)

DEPENDENCIES:
  - FBSnapshotTestCase
  - MCBaseUtils (from `../`)

SPEC REPOS:
  https://github.com/CocoaPods/Specs.git:
    - FBSnapshotTestCase

EXTERNAL SOURCES:
  MCBaseUtils:
    :path: "../"

SPEC CHECKSUMS:
  FBSnapshotTestCase: 094f9f314decbabe373b87cc339bea235a63e07a
  MCBaseUtils: 039bede9166c3b0c65b9428cd4b06bd39759308f

PODFILE CHECKSUM: 72ac860bc3bceda26427d0650cb1170f8187370a

COCOAPODS: 1.11.3
